
Microsoft Visual Studio Solution File, Format Version 12.00
# Visual Studio Version 17
VisualStudioVersion = 17.1.31911.260
MinimumVisualStudioVersion = 10.0.40219.1
Project("{FAE04EC0-301F-11D3-BF4B-00C04F79EFBC}") = "WebAPI-linq2db", "WebAPI-linq2db\WebAPI-linq2db.csproj", "{9BB26F02-1F3F-4110-A5E1-56561CF0A094}"
EndProject
Global
	GlobalSection(SolutionConfigurationPlatforms) = preSolution
		Debug|Any CPU = Debug|Any CPU
		Release|Any CPU = Release|Any CPU
	EndGlobalSection
	GlobalSection(ProjectConfigurationPlatforms) = postSolution
		{9BB26F02-1F3F-4110-A5E1-56561CF0A094}.Debug|Any CPU.ActiveCfg = Debug|Any CPU
		{9BB26F02-1F3F-4110-A5E1-56561CF0A094}.Debug|Any CPU.Build.0 = Debug|Any CPU
		{9BB26F02-1F3F-4110-A5E1-56561CF0A094}.Release|Any CPU.ActiveCfg = Release|Any CPU
		{9BB26F02-1F3F-4110-A5E1-56561CF0A094}.Release|Any CPU.Build.0 = Release|Any CPU
	EndGlobalSection
	GlobalSection(SolutionProperties) = preSolution
		HideSolutionNode = FALSE
	EndGlobalSection
	GlobalSection(ExtensibilityGlobals) = postSolution
		SolutionGuid = {BFEA3ADE-BB25-4D98-AA68-39FC10C4FE4A}
	EndGlobalSection
EndGlobal
